<?xml version="1.0" encoding="utf-8"?>
<Project ToolsVersion="4.0" xmlns="http://schemas.microsoft.com/developer/msbuild/2003">
  <ItemGroup>
    <Filter Include="Source Files">
      <UniqueIdentifier>{4FC737F1-C7A5-4376-A066-2A32D752A2FF}</UniqueIdentifier>
      <Extensions>cpp;c;cxx;def;odl;idl;hpj;bat;asm;asmx</Extensions>
    </Filter>
    <Filter Include="Source Files\Samples">
      <UniqueIdentifier>{3f83c8c7-9253-458c-8ec7-2ce79df8dced}</UniqueIdentifier>
    </Filter>
  </ItemGroup>
  <ItemGroup>
    <ClCompile Include="add_texture.cpp">
      <Filter>Source Files</Filter>
    </ClCompile>
    <ClCompile Include="bind_meshes.cpp">
      <Filter>Source Files</Filter>
    </ClCompile>
    <ClCompile Include="bones_per_mesh.cpp">
      <Filter>Source Files</Filter>
    </ClCompile>
    <ClCompile Include="clean_materials.cpp">
      <Filter>Source Files</Filter>
    </ClCompile>
    <ClCompile Include="combine_elements.cpp">
      <Filter>Source Files</Filter>
    </ClCompile>
    <ClCompile Include="samples\combine_rigid_meshes.cpp">
      <Filter>Source Files</Filter>
    </ClCompile>
    <ClCompile Include="create_file_db.cpp">
      <Filter>Source Files</Filter>
    </ClCompile>
    <ClCompile Include="example_set_vertformat.cpp">
      <Filter>Source Files</Filter>
    </ClCompile>
    <ClCompile Include="generate_mipmaps.cpp">
      <Filter>Source Files</Filter>
    </ClCompile>
    <ClCompile Include="generate_tangents.cpp">
      <Filter>Source Files</Filter>
    </ClCompile>
    <ClCompile Include="granny_file_database.cpp">
      <Filter>Source Files</Filter>
    </ClCompile>
    <ClCompile Include="kill_uncommon_data.cpp">
      <Filter>Source Files</Filter>
    </ClCompile>
    <ClCompile Include="lod_calc.cpp">
      <Filter>Source Files</Filter>
    </ClCompile>
    <ClCompile Include="make_spu_animation_info.cpp">
      <Filter>Source Files</Filter>
    </ClCompile>
    <ClCompile Include="make_string_database.cpp">
      <Filter>Source Files</Filter>
    </ClCompile>
    <ClCompile Include="mesh_indices_16bit.cpp">
      <Filter>Source Files</Filter>
    </ClCompile>
    <ClCompile Include="platform_convert.cpp">
      <Filter>Source Files</Filter>
    </ClCompile>
    <ClCompile Include="preprocessor.cpp">
      <Filter>Source Files</Filter>
    </ClCompile>
    <ClCompile Include="rebase_texture_files.cpp">
      <Filter>Source Files</Filter>
    </ClCompile>
    <ClCompile Include="remove_elements.cpp">
      <Filter>Source Files</Filter>
    </ClCompile>
    <ClCompile Include="remove_namespace.cpp">
      <Filter>Source Files</Filter>
    </ClCompile>
    <ClCompile Include="remove_text_tracks.cpp">
      <Filter>Source Files</Filter>
    </ClCompile>
    <ClCompile Include="remove_unchanging_tracks.cpp">
      <Filter>Source Files</Filter>
    </ClCompile>
    <ClCompile Include="remove_vector_tracks.cpp">
      <Filter>Source Files</Filter>
    </ClCompile>
    <ClCompile Include="rename_element.cpp">
      <Filter>Source Files</Filter>
    </ClCompile>
    <ClCompile Include="resection_file.cpp">
      <Filter>Source Files</Filter>
    </ClCompile>
    <ClCompile Include="run_batch.cpp">
      <Filter>Source Files</Filter>
    </ClCompile>
    <ClCompile Include="set_compression.cpp">
      <Filter>Source Files</Filter>
    </ClCompile>
    <ClCompile Include="set_file_alignment.cpp">
      <Filter>Source Files</Filter>
    </ClCompile>
    <ClCompile Include="set_internal_alignment.cpp">
      <Filter>Source Files</Filter>
    </ClCompile>
    <ClCompile Include="stb_image.c">
      <Filter>Source Files</Filter>
    </ClCompile>
    <ClCompile Include="threshold_vector_track.cpp">
      <Filter>Source Files</Filter>
    </ClCompile>
    <ClCompile Include="touch_version.cpp">
      <Filter>Source Files</Filter>
    </ClCompile>
    <ClCompile Include="transform_file.cpp">
      <Filter>Source Files</Filter>
    </ClCompile>
    <ClCompile Include="utilities.cpp">
      <Filter>Source Files</Filter>
    </ClCompile>
    <ClCompile Include="vertex_cache_optimize.cpp">
      <Filter>Source Files</Filter>
    </ClCompile>
    <ClCompile Include="warn_crc_mismatch.cpp">
      <Filter>Source Files</Filter>
    </ClCompile>
    <ClCompile Include="warn_scale_shear.cpp">
      <Filter>Source Files</Filter>
    </ClCompile>
    <ClCompile Include="wf_utilities.cpp">
      <Filter>Source Files</Filter>
    </ClCompile>
    <ClCompile Include="wfMode.cpp">
      <Filter>Source Files</Filter>
    </ClCompile>
    <ClCompile Include="samples\16bit_texture.cpp">
      <Filter>Source Files\Samples</Filter>
    </ClCompile>
    <ClCompile Include="samples\bounds_calc.cpp">
      <Filter>Source Files\Samples</Filter>
    </ClCompile>
    <ClCompile Include="samples\compress_vert_sample.cpp">
      <Filter>Source Files\Samples</Filter>
    </ClCompile>
    <ClCompile Include="samples\decompress_textures.cpp">
      <Filter>Source Files\Samples</Filter>
    </ClCompile>
    <ClCompile Include="samples\dump_mesh_texture.cpp">
      <Filter>Source Files\Samples</Filter>
    </ClCompile>
    <ClCompile Include="samples\filter_vector_tracks.cpp">
      <Filter>Source Files\Samples</Filter>
    </ClCompile>
    <ClCompile Include="samples\merge_rigid_meshes.cpp">
      <Filter>Source Files\Samples</Filter>
    </ClCompile>
    <ClCompile Include="samples\merge_skinned_meshes.cpp">
      <Filter>Source Files\Samples</Filter>
    </ClCompile>
    <ClCompile Include="samples\merge_track_groups.cpp">
      <Filter>Source Files\Samples</Filter>
    </ClCompile>
    <ClCompile Include="samples\model_mesh_bounds.cpp">
      <Filter>Source Files\Samples</Filter>
    </ClCompile>
    <ClCompile Include="samples\move_meshes_to_origin.cpp">
      <Filter>Source Files\Samples</Filter>
    </ClCompile>
    <ClCompile Include="samples\obj_importer.cpp">
      <Filter>Source Files\Samples</Filter>
    </ClCompile>
    <ClCompile Include="samples\override_skeleton_lod.cpp">
      <Filter>Source Files\Samples</Filter>
    </ClCompile>
    <ClCompile Include="samples\recompress_anims_sample.cpp">
      <Filter>Source Files\Samples</Filter>
    </ClCompile>
    <ClCompile Include="samples\remove_unbound_transform_tracks.cpp">
      <Filter>Source Files\Samples</Filter>
    </ClCompile>
    <ClCompile Include="samples\strip_images.cpp">
      <Filter>Source Files\Samples</Filter>
    </ClCompile>
    <ClCompile Include="samples\trans_bounds.cpp">
      <Filter>Source Files\Samples</Filter>
    </ClCompile>
    <ClCompile Include="samples\write_raw_file.cpp">
      <Filter>Source Files\Samples</Filter>
    </ClCompile>
    <ClCompile Include="samples\compress_vert_sample_wii.cpp">
      <Filter>Source Files\Samples</Filter>
    </ClCompile>
  </ItemGroup>
  <ItemGroup>
    <ClInclude Include="make_spu_animation_info.h">
      <Filter>Source Files</Filter>
    </ClInclude>
    <ClInclude Include="preprocessor.h">
      <Filter>Source Files</Filter>
    </ClInclude>
    <ClInclude Include="utilities.h">
      <Filter>Source Files</Filter>
    </ClInclude>
    <ClInclude Include="wf_utilities.h">
      <Filter>Source Files</Filter>
    </ClInclude>
  </ItemGroup>
  <ItemGroup>
    <None Include="Readme.txt" />
  </ItemGroup>
</Project>