<?xml version="1.0" encoding="utf-8"?>
<Project ToolsVersion="4.0" xmlns="http://schemas.microsoft.com/developer/msbuild/2003">
  <ItemGroup>
    <Filter Include="Source Files">
      <UniqueIdentifier>{4FC737F1-C7A5-4376-A066-2A32D752A2FF}</UniqueIdentifier>
      <Extensions>cpp;c;cc;cxx;def;odl;idl;hpj;bat;asm;asmx</Extensions>
    </Filter>
  </ItemGroup>
  <ItemGroup>
    <ClCompile Include="gstate_additive_blend.cpp">
      <Filter>Source Files</Filter>
    </ClCompile>
    <ClCompile Include="gstate_aimat_ik.cpp">
      <Filter>Source Files</Filter>
    </ClCompile>
    <ClCompile Include="gstate_anim_source.cpp">
      <Filter>Source Files</Filter>
    </ClCompile>
    <ClCompile Include="gstate_anim_utils.cpp">
      <Filter>Source Files</Filter>
    </ClCompile>
    <ClCompile Include="gstate_base.cpp">
      <Filter>Source Files</Filter>
    </ClCompile>
    <ClCompile Include="gstate_blend.cpp">
      <Filter>Source Files</Filter>
    </ClCompile>
    <ClCompile Include="gstate_blend_graph.cpp">
      <Filter>Source Files</Filter>
    </ClCompile>
    <ClCompile Include="gstate_character_info.cpp">
      <Filter>Source Files</Filter>
    </ClCompile>
    <ClCompile Include="gstate_character_instance.cpp">
      <Filter>Source Files</Filter>
    </ClCompile>
    <ClCompile Include="gstate_conditional.cpp">
      <Filter>Source Files</Filter>
    </ClCompile>
    <ClCompile Include="gstate_constant_velocity.cpp">
      <Filter>Source Files</Filter>
    </ClCompile>
    <ClCompile Include="gstate_container.cpp">
      <Filter>Source Files</Filter>
    </ClCompile>
    <ClCompile Include="gstate_event_mixer.cpp">
      <Filter>Source Files</Filter>
    </ClCompile>
    <ClCompile Include="gstate_event_renamer.cpp">
      <Filter>Source Files</Filter>
    </ClCompile>
    <ClCompile Include="gstate_event_source.cpp">
      <Filter>Source Files</Filter>
    </ClCompile>
    <ClCompile Include="gstate_event_triggered.cpp">
      <Filter>Source Files</Filter>
    </ClCompile>
    <ClCompile Include="gstate_lod_protect.cpp">
      <Filter>Source Files</Filter>
    </ClCompile>
    <ClCompile Include="gstate_mask_invert.cpp">
      <Filter>Source Files</Filter>
    </ClCompile>
    <ClCompile Include="gstate_mask_source.cpp">
      <Filter>Source Files</Filter>
    </ClCompile>
    <ClCompile Include="gstate_mask_union.cpp">
      <Filter>Source Files</Filter>
    </ClCompile>
    <ClCompile Include="gstate_masked_combine.cpp">
      <Filter>Source Files</Filter>
    </ClCompile>
    <ClCompile Include="gstate_mirror.cpp">
      <Filter>Source Files</Filter>
    </ClCompile>
    <ClCompile Include="gstate_node.cpp">
      <Filter>Source Files</Filter>
    </ClCompile>
    <ClCompile Include="gstate_node_visitor.cpp">
      <Filter>Source Files</Filter>
    </ClCompile>
    <ClCompile Include="gstate_nway_blend.cpp">
      <Filter>Source Files</Filter>
    </ClCompile>
    <ClCompile Include="gstate_parameters.cpp">
      <Filter>Source Files</Filter>
    </ClCompile>
    <ClCompile Include="gstate_pose_storage.cpp">
      <Filter>Source Files</Filter>
    </ClCompile>
    <ClCompile Include="gstate_quick_vecs.cpp">
      <Filter>Source Files</Filter>
    </ClCompile>
    <ClCompile Include="gstate_scalar_compare.cpp">
      <Filter>Source Files</Filter>
    </ClCompile>
    <ClCompile Include="gstate_selection.cpp">
      <Filter>Source Files</Filter>
    </ClCompile>
    <ClCompile Include="gstate_state_machine.cpp">
      <Filter>Source Files</Filter>
    </ClCompile>
    <ClCompile Include="gstate_timeselect.cpp">
      <Filter>Source Files</Filter>
    </ClCompile>
    <ClCompile Include="gstate_timeshift.cpp">
      <Filter>Source Files</Filter>
    </ClCompile>
    <ClCompile Include="gstate_token_context.cpp">
      <Filter>Source Files</Filter>
    </ClCompile>
    <ClCompile Include="gstate_tokenized.cpp">
      <Filter>Source Files</Filter>
    </ClCompile>
    <ClCompile Include="gstate_transition.cpp">
      <Filter>Source Files</Filter>
    </ClCompile>
    <ClCompile Include="gstate_transition_lastresort.cpp">
      <Filter>Source Files</Filter>
    </ClCompile>
    <ClCompile Include="gstate_transition_onconditional.cpp">
      <Filter>Source Files</Filter>
    </ClCompile>
    <ClCompile Include="gstate_transition_onloop.cpp">
      <Filter>Source Files</Filter>
    </ClCompile>
    <ClCompile Include="gstate_transition_onrequest.cpp">
      <Filter>Source Files</Filter>
    </ClCompile>
    <ClCompile Include="gstate_transition_onsubloop.cpp">
      <Filter>Source Files</Filter>
    </ClCompile>
    <ClCompile Include="gstate_twobone_ik.cpp">
      <Filter>Source Files</Filter>
    </ClCompile>
  </ItemGroup>
</Project>